lockfileVersion: '6.0'

settings:
  autoInstallPeers: true
  excludeLinksFromLockfile: false

dependencies:
  ax:
    specifier: ^0.2.2
    version: 0.2.2

packages:

  /ax@0.2.2:
    resolution: {integrity: sha1-kQE+PPslbmx0KPYEJdk67W+Ppco=, tarball: http://registry.m.jd.com/ax/download/ax-0.2.2.tgz}
    dependencies:
      sprintf: 0.1.5
    dev: false

  /sprintf@0.1.5:
    resolution: {integrity: sha1-j4PjmpMXwaUCy324BQ5Rxnn27c8=, tarball: http://registry.m.jd.com/sprintf/download/sprintf-0.1.5.tgz}
    engines: {node: '>=0.2.4'}
    deprecated: The sprintf package is deprecated in favor of sprintf-js.
    dev: false
